
Microsoft Visual Studio Solution File, Format Version 12.00
# Visual Studio Version 17
VisualStudioVersion = 17.7.34221.43
MinimumVisualStudioVersion = 10.0.40219.1
Project("{FAE04EC0-301F-11D3-BF4B-00C04F79EFBC}") = "WebApp2", "WebApp2.csproj", "{7C28BF5D-FED9-4F81-925D-97E801AB1C14}"
EndProject
Global
	GlobalSection(SolutionConfigurationPlatforms) = preSolution
		Debug|Any CPU = Debug|Any CPU
		Release|Any CPU = Release|Any CPU
	EndGlobalSection
	GlobalSection(ProjectConfigurationPlatforms) = postSolution
		{7C28BF5D-FED9-4F81-925D-97E801AB1C14}.Debug|Any CPU.ActiveCfg = Debug|Any CPU
		{7C28BF5D-FED9-4F81-925D-97E801AB1C14}.Debug|Any CPU.Build.0 = Debug|Any CPU
		{7C28BF5D-FED9-4F81-925D-97E801AB1C14}.Release|Any CPU.ActiveCfg = Release|Any CPU
		{7C28BF5D-FED9-4F81-925D-97E801AB1C14}.Release|Any CPU.Build.0 = Release|Any CPU
	EndGlobalSection
	GlobalSection(SolutionProperties) = preSolution
		HideSolutionNode = FALSE
	EndGlobalSection
	GlobalSection(ExtensibilityGlobals) = postSolution
		SolutionGuid = {3BE1907A-A3C5-4155-A277-C64E0F42A666}
	EndGlobalSection
EndGlobal
