
Microsoft Visual Studio Solution File, Format Version 12.00
# Visual Studio Version 17
VisualStudioVersion = 17.7.34031.279
MinimumVisualStudioVersion = 10.0.40219.1
Project("{FAE04EC0-301F-11D3-BF4B-00C04F79EFBC}") = "Conditional-Statements", "Conditional-Statements.csproj", "{13C12D55-5AE3-4D57-AE48-EBAD0448814B}"
EndProject
Global
	GlobalSection(SolutionConfigurationPlatforms) = preSolution
		Debug|Any CPU = Debug|Any CPU
		Release|Any CPU = Release|Any CPU
	EndGlobalSection
	GlobalSection(ProjectConfigurationPlatforms) = postSolution
		{13C12D55-5AE3-4D57-AE48-EBAD0448814B}.Debug|Any CPU.ActiveCfg = Debug|Any CPU
		{13C12D55-5AE3-4D57-AE48-EBAD0448814B}.Debug|Any CPU.Build.0 = Debug|Any CPU
		{13C12D55-5AE3-4D57-AE48-EBAD0448814B}.Release|Any CPU.ActiveCfg = Release|Any CPU
		{13C12D55-5AE3-4D57-AE48-EBAD0448814B}.Release|Any CPU.Build.0 = Release|Any CPU
	EndGlobalSection
	GlobalSection(SolutionProperties) = preSolution
		HideSolutionNode = FALSE
	EndGlobalSection
	GlobalSection(ExtensibilityGlobals) = postSolution
		SolutionGuid = {1D6041D2-BB62-42FC-AF6E-46B96AEDC1B5}
	EndGlobalSection
EndGlobal
