
Microsoft Visual Studio Solution File, Format Version 12.00
# Visual Studio Version 17
VisualStudioVersion = 17.7.34031.279
MinimumVisualStudioVersion = 10.0.40219.1
Project("{FAE04EC0-301F-11D3-BF4B-00C04F79EFBC}") = "LINQ", "LINQ.csproj", "{355069DA-AD82-4919-BB5B-B665D5F708B8}"
EndProject
Global
	GlobalSection(SolutionConfigurationPlatforms) = preSolution
		Debug|Any CPU = Debug|Any CPU
		Release|Any CPU = Release|Any CPU
	EndGlobalSection
	GlobalSection(ProjectConfigurationPlatforms) = postSolution
		{355069DA-AD82-4919-BB5B-B665D5F708B8}.Debug|Any CPU.ActiveCfg = Debug|Any CPU
		{355069DA-AD82-4919-BB5B-B665D5F708B8}.Debug|Any CPU.Build.0 = Debug|Any CPU
		{355069DA-AD82-4919-BB5B-B665D5F708B8}.Release|Any CPU.ActiveCfg = Release|Any CPU
		{355069DA-AD82-4919-BB5B-B665D5F708B8}.Release|Any CPU.Build.0 = Release|Any CPU
	EndGlobalSection
	GlobalSection(SolutionProperties) = preSolution
		HideSolutionNode = FALSE
	EndGlobalSection
	GlobalSection(ExtensibilityGlobals) = postSolution
		SolutionGuid = {41CA7912-752B-4F9B-80EB-B1FC0B3F2EEE}
	EndGlobalSection
EndGlobal
