
Microsoft Visual Studio Solution File, Format Version 12.00
# Visual Studio Version 17
VisualStudioVersion = 17.7.34031.279
MinimumVisualStudioVersion = 10.0.40219.1
Project("{9A19103F-16F7-4668-BE54-9A1E7A4F7556}") = "Practice-on-Method", "Practice-on-Method.csproj", "{36EDD747-1CB5-4769-9848-158ED87C91E7}"
EndProject
Project("{FAE04EC0-301F-11D3-BF4B-00C04F79EFBC}") = "BasicMathTest", "..\BasicMathTest\BasicMathTest.csproj", "{2D425C88-6C12-45BF-BAF9-86169834787F}"
EndProject
Global
	GlobalSection(SolutionConfigurationPlatforms) = preSolution
		Debug|Any CPU = Debug|Any CPU
		Release|Any CPU = Release|Any CPU
	EndGlobalSection
	GlobalSection(ProjectConfigurationPlatforms) = postSolution
		{36EDD747-1CB5-4769-9848-158ED87C91E7}.Debug|Any CPU.ActiveCfg = Debug|Any CPU
		{36EDD747-1CB5-4769-9848-158ED87C91E7}.Debug|Any CPU.Build.0 = Debug|Any CPU
		{36EDD747-1CB5-4769-9848-158ED87C91E7}.Release|Any CPU.ActiveCfg = Release|Any CPU
		{36EDD747-1CB5-4769-9848-158ED87C91E7}.Release|Any CPU.Build.0 = Release|Any CPU
		{2D425C88-6C12-45BF-BAF9-86169834787F}.Debug|Any CPU.ActiveCfg = Debug|Any CPU
		{2D425C88-6C12-45BF-BAF9-86169834787F}.Debug|Any CPU.Build.0 = Debug|Any CPU
		{2D425C88-6C12-45BF-BAF9-86169834787F}.Release|Any CPU.ActiveCfg = Release|Any CPU
		{2D425C88-6C12-45BF-BAF9-86169834787F}.Release|Any CPU.Build.0 = Release|Any CPU
	EndGlobalSection
	GlobalSection(SolutionProperties) = preSolution
		HideSolutionNode = FALSE
	EndGlobalSection
	GlobalSection(ExtensibilityGlobals) = postSolution
		SolutionGuid = {19317995-5D13-4866-91E4-1389002D4A33}
	EndGlobalSection
EndGlobal
