
Microsoft Visual Studio Solution File, Format Version 12.00
# Visual Studio Version 17
VisualStudioVersion = 17.7.34031.279
MinimumVisualStudioVersion = 10.0.40219.1
Project("{FAE04EC0-301F-11D3-BF4B-00C04F79EFBC}") = "CLASS-METHODING", "CLASS-METHODING.csproj", "{DFD92B2A-D801-46F5-A8CC-0C210039B57F}"
EndProject
Global
	GlobalSection(SolutionConfigurationPlatforms) = preSolution
		Debug|Any CPU = Debug|Any CPU
		Release|Any CPU = Release|Any CPU
	EndGlobalSection
	GlobalSection(ProjectConfigurationPlatforms) = postSolution
		{DFD92B2A-D801-46F5-A8CC-0C210039B57F}.Debug|Any CPU.ActiveCfg = Debug|Any CPU
		{DFD92B2A-D801-46F5-A8CC-0C210039B57F}.Debug|Any CPU.Build.0 = Debug|Any CPU
		{DFD92B2A-D801-46F5-A8CC-0C210039B57F}.Release|Any CPU.ActiveCfg = Release|Any CPU
		{DFD92B2A-D801-46F5-A8CC-0C210039B57F}.Release|Any CPU.Build.0 = Release|Any CPU
	EndGlobalSection
	GlobalSection(SolutionProperties) = preSolution
		HideSolutionNode = FALSE
	EndGlobalSection
	GlobalSection(ExtensibilityGlobals) = postSolution
		SolutionGuid = {A7E26C65-B35F-4414-9913-F4EE0AC03134}
	EndGlobalSection
EndGlobal
