
Microsoft Visual Studio Solution File, Format Version 12.00
# Visual Studio Version 17
VisualStudioVersion = 17.7.34221.43
MinimumVisualStudioVersion = 10.0.40219.1
Project("{FAE04EC0-301F-11D3-BF4B-00C04F79EFBC}") = "WebApp", "WebApp.csproj", "{39DF342A-78DA-4DD8-8C31-B8AD2789F41A}"
EndProject
Global
	GlobalSection(SolutionConfigurationPlatforms) = preSolution
		Debug|Any CPU = Debug|Any CPU
		Release|Any CPU = Release|Any CPU
	EndGlobalSection
	GlobalSection(ProjectConfigurationPlatforms) = postSolution
		{39DF342A-78DA-4DD8-8C31-B8AD2789F41A}.Debug|Any CPU.ActiveCfg = Debug|Any CPU
		{39DF342A-78DA-4DD8-8C31-B8AD2789F41A}.Debug|Any CPU.Build.0 = Debug|Any CPU
		{39DF342A-78DA-4DD8-8C31-B8AD2789F41A}.Release|Any CPU.ActiveCfg = Release|Any CPU
		{39DF342A-78DA-4DD8-8C31-B8AD2789F41A}.Release|Any CPU.Build.0 = Release|Any CPU
	EndGlobalSection
	GlobalSection(SolutionProperties) = preSolution
		HideSolutionNode = FALSE
	EndGlobalSection
	GlobalSection(ExtensibilityGlobals) = postSolution
		SolutionGuid = {6F0C9110-E2F3-46EE-85EC-A53A374AD9E4}
	EndGlobalSection
EndGlobal
