
Microsoft Visual Studio Solution File, Format Version 12.00
# Visual Studio Version 17
VisualStudioVersion = 17.7.34031.279
MinimumVisualStudioVersion = 10.0.40219.1
Project("{FAE04EC0-301F-11D3-BF4B-00C04F79EFBC}") = "If-Else Statements", "If-Else Statements.csproj", "{63153E62-0BA9-432E-A496-844D62D8025D}"
EndProject
Global
	GlobalSection(SolutionConfigurationPlatforms) = preSolution
		Debug|Any CPU = Debug|Any CPU
		Release|Any CPU = Release|Any CPU
	EndGlobalSection
	GlobalSection(ProjectConfigurationPlatforms) = postSolution
		{63153E62-0BA9-432E-A496-844D62D8025D}.Debug|Any CPU.ActiveCfg = Debug|Any CPU
		{63153E62-0BA9-432E-A496-844D62D8025D}.Debug|Any CPU.Build.0 = Debug|Any CPU
		{63153E62-0BA9-432E-A496-844D62D8025D}.Release|Any CPU.ActiveCfg = Release|Any CPU
		{63153E62-0BA9-432E-A496-844D62D8025D}.Release|Any CPU.Build.0 = Release|Any CPU
	EndGlobalSection
	GlobalSection(SolutionProperties) = preSolution
		HideSolutionNode = FALSE
	EndGlobalSection
	GlobalSection(ExtensibilityGlobals) = postSolution
		SolutionGuid = {897E77C0-DFC1-43BA-87FB-AFD0C6740156}
	EndGlobalSection
EndGlobal
